
Microsoft Visual Studio Solution File, Format Version 12.00
# Visual Studio Version 17
VisualStudioVersion = 17.0.31903.59
MinimumVisualStudioVersion = 10.0.40219.1
Project("{2150E333-8FDC-42A3-9474-1A3956D46DE8}") = "Sources", "Sources", "{070F04C1-B5CB-4957-9139-D67E3C323D6D}"
EndProject
Project("{2150E333-8FDC-42A3-9474-1A3956D46DE8}") = "UnitTests", "UnitTests", "{59618569-B89C-43AA-92EE-12B8BBF8C0E8}"
EndProject
Project("{9A19103F-16F7-4668-BE54-9A1E7A4F7556}") = "BowlingApp.Service.Api", "Sources\BowlingApp.Service.Api\BowlingApp.Service.Api.csproj", "{0777AEC3-E736-44E2-B3B7-383D9E3945B4}"
EndProject
Project("{9A19103F-16F7-4668-BE54-9A1E7A4F7556}") = "BowlingApp.Service.AppService", "Sources\BowlingApp.Service.AppService\BowlingApp.Service.AppService.csproj", "{121D9CA1-1CDC-4578-A756-7E60DE222912}"
EndProject
Project("{9A19103F-16F7-4668-BE54-9A1E7A4F7556}") = "BowlingApp.Service.Store", "Sources\BowlingApp.Service.Store\BowlingApp.Service.Store.csproj", "{E5419CEE-2A7E-433B-8359-BC849E858B91}"
EndProject
Project("{9A19103F-16F7-4668-BE54-9A1E7A4F7556}") = "BowlingApp.Service.Api.Tests", "UnitTests\BowlingApp.Service.Api.Tests\BowlingApp.Service.Api.Tests.csproj", "{925FCA9B-19D0-448D-B577-56C43FB2E4AD}"
EndProject
Project("{9A19103F-16F7-4668-BE54-9A1E7A4F7556}") = "BowlingApp.Service.AppService.Tests", "UnitTests\BowlingApp.Service.AppService.Tests\BowlingApp.Service.AppService.Tests.csproj", "{0773F500-3F7A-4180-AAE5-AF7C00988F15}"
EndProject
Project("{FAE04EC0-301F-11D3-BF4B-00C04F79EFBC}") = "BowlingApp.Service.Store.Tests", "UnitTests\BowlingApp.Service.Store.Tests\BowlingApp.Service.Store.Tests.csproj", "{FC8D676D-0023-40B1-BFA2-5D1064117C4A}"
EndProject
Global
	GlobalSection(SolutionConfigurationPlatforms) = preSolution
		Debug|Any CPU = Debug|Any CPU
		Release|Any CPU = Release|Any CPU
	EndGlobalSection
	GlobalSection(ProjectConfigurationPlatforms) = postSolution
		{0777AEC3-E736-44E2-B3B7-383D9E3945B4}.Debug|Any CPU.ActiveCfg = Debug|Any CPU
		{0777AEC3-E736-44E2-B3B7-383D9E3945B4}.Debug|Any CPU.Build.0 = Debug|Any CPU
		{0777AEC3-E736-44E2-B3B7-383D9E3945B4}.Release|Any CPU.ActiveCfg = Release|Any CPU
		{0777AEC3-E736-44E2-B3B7-383D9E3945B4}.Release|Any CPU.Build.0 = Release|Any CPU
		{121D9CA1-1CDC-4578-A756-7E60DE222912}.Debug|Any CPU.ActiveCfg = Debug|Any CPU
		{121D9CA1-1CDC-4578-A756-7E60DE222912}.Debug|Any CPU.Build.0 = Debug|Any CPU
		{121D9CA1-1CDC-4578-A756-7E60DE222912}.Release|Any CPU.ActiveCfg = Release|Any CPU
		{121D9CA1-1CDC-4578-A756-7E60DE222912}.Release|Any CPU.Build.0 = Release|Any CPU
		{E5419CEE-2A7E-433B-8359-BC849E858B91}.Debug|Any CPU.ActiveCfg = Debug|Any CPU
		{E5419CEE-2A7E-433B-8359-BC849E858B91}.Debug|Any CPU.Build.0 = Debug|Any CPU
		{E5419CEE-2A7E-433B-8359-BC849E858B91}.Release|Any CPU.ActiveCfg = Release|Any CPU
		{E5419CEE-2A7E-433B-8359-BC849E858B91}.Release|Any CPU.Build.0 = Release|Any CPU
		{925FCA9B-19D0-448D-B577-56C43FB2E4AD}.Debug|Any CPU.ActiveCfg = Debug|Any CPU
		{925FCA9B-19D0-448D-B577-56C43FB2E4AD}.Debug|Any CPU.Build.0 = Debug|Any CPU
		{925FCA9B-19D0-448D-B577-56C43FB2E4AD}.Release|Any CPU.ActiveCfg = Release|Any CPU
		{925FCA9B-19D0-448D-B577-56C43FB2E4AD}.Release|Any CPU.Build.0 = Release|Any CPU
		{0773F500-3F7A-4180-AAE5-AF7C00988F15}.Debug|Any CPU.ActiveCfg = Debug|Any CPU
		{0773F500-3F7A-4180-AAE5-AF7C00988F15}.Debug|Any CPU.Build.0 = Debug|Any CPU
		{0773F500-3F7A-4180-AAE5-AF7C00988F15}.Release|Any CPU.ActiveCfg = Release|Any CPU
		{0773F500-3F7A-4180-AAE5-AF7C00988F15}.Release|Any CPU.Build.0 = Release|Any CPU
		{FC8D676D-0023-40B1-BFA2-5D1064117C4A}.Debug|Any CPU.ActiveCfg = Debug|Any CPU
		{FC8D676D-0023-40B1-BFA2-5D1064117C4A}.Debug|Any CPU.Build.0 = Debug|Any CPU
		{FC8D676D-0023-40B1-BFA2-5D1064117C4A}.Release|Any CPU.ActiveCfg = Release|Any CPU
		{FC8D676D-0023-40B1-BFA2-5D1064117C4A}.Release|Any CPU.Build.0 = Release|Any CPU
	EndGlobalSection
	GlobalSection(SolutionProperties) = preSolution
		HideSolutionNode = FALSE
	EndGlobalSection
	GlobalSection(NestedProjects) = preSolution
		{0777AEC3-E736-44E2-B3B7-383D9E3945B4} = {070F04C1-B5CB-4957-9139-D67E3C323D6D}
		{121D9CA1-1CDC-4578-A756-7E60DE222912} = {070F04C1-B5CB-4957-9139-D67E3C323D6D}
		{E5419CEE-2A7E-433B-8359-BC849E858B91} = {070F04C1-B5CB-4957-9139-D67E3C323D6D}
		{925FCA9B-19D0-448D-B577-56C43FB2E4AD} = {59618569-B89C-43AA-92EE-12B8BBF8C0E8}
		{0773F500-3F7A-4180-AAE5-AF7C00988F15} = {59618569-B89C-43AA-92EE-12B8BBF8C0E8}
		{FC8D676D-0023-40B1-BFA2-5D1064117C4A} = {59618569-B89C-43AA-92EE-12B8BBF8C0E8}
	EndGlobalSection
	GlobalSection(ExtensibilityGlobals) = postSolution
		SolutionGuid = {386A0A1C-F81C-4F56-B13F-49D6E6F47949}
	EndGlobalSection
EndGlobal
